
Microsoft Visual Studio Solution File, Format Version 12.00
# Visual Studio Version 17
VisualStudioVersion = 17.5.002.0
MinimumVisualStudioVersion = 10.0.40219.1
Project("{9A19103F-16F7-4668-BE54-9A1E7A4F7556}") = "Project_B", "Project_B.csproj", "{CDC1D2F0-5BFF-4E57-BD07-3A995EDE0B33}"
EndProject
Global
	GlobalSection(SolutionConfigurationPlatforms) = preSolution
		Debug|Any CPU = Debug|Any CPU
		Release|Any CPU = Release|Any CPU
	EndGlobalSection
	GlobalSection(ProjectConfigurationPlatforms) = postSolution
		{CDC1D2F0-5BFF-4E57-BD07-3A995EDE0B33}.Debug|Any CPU.ActiveCfg = Debug|Any CPU
		{CDC1D2F0-5BFF-4E57-BD07-3A995EDE0B33}.Debug|Any CPU.Build.0 = Debug|Any CPU
		{CDC1D2F0-5BFF-4E57-BD07-3A995EDE0B33}.Release|Any CPU.ActiveCfg = Release|Any CPU
		{CDC1D2F0-5BFF-4E57-BD07-3A995EDE0B33}.Release|Any CPU.Build.0 = Release|Any CPU
	EndGlobalSection
	GlobalSection(SolutionProperties) = preSolution
		HideSolutionNode = FALSE
	EndGlobalSection
	GlobalSection(ExtensibilityGlobals) = postSolution
		SolutionGuid = {125B0575-1E35-469A-9AB2-6B4927216608}
	EndGlobalSection
EndGlobal
