
Microsoft Visual Studio Solution File, Format Version 12.00
# Visual Studio Version 17
VisualStudioVersion = 17.5.002.0
MinimumVisualStudioVersion = 10.0.40219.1
Project("{9A19103F-16F7-4668-BE54-9A1E7A4F7556}") = "Project_B_UnitTest", "Project_B_UnitTest.csproj", "{531FDED4-A725-427E-A0FB-B76BECEE1BAF}"
EndProject
Global
	GlobalSection(SolutionConfigurationPlatforms) = preSolution
		Debug|Any CPU = Debug|Any CPU
		Release|Any CPU = Release|Any CPU
	EndGlobalSection
	GlobalSection(ProjectConfigurationPlatforms) = postSolution
		{531FDED4-A725-427E-A0FB-B76BECEE1BAF}.Debug|Any CPU.ActiveCfg = Debug|Any CPU
		{531FDED4-A725-427E-A0FB-B76BECEE1BAF}.Debug|Any CPU.Build.0 = Debug|Any CPU
		{531FDED4-A725-427E-A0FB-B76BECEE1BAF}.Release|Any CPU.ActiveCfg = Release|Any CPU
		{531FDED4-A725-427E-A0FB-B76BECEE1BAF}.Release|Any CPU.Build.0 = Release|Any CPU
	EndGlobalSection
	GlobalSection(SolutionProperties) = preSolution
		HideSolutionNode = FALSE
	EndGlobalSection
	GlobalSection(ExtensibilityGlobals) = postSolution
		SolutionGuid = {1B223C01-CD7A-4F6E-9837-76D3EA2C68E4}
	EndGlobalSection
EndGlobal
